
Microsoft Visual Studio Solution File, Format Version 12.00
# Visual Studio 15
VisualStudioVersion = 15.0.28307.489
MinimumVisualStudioVersion = 10.0.40219.1
Project("{8BC9CEB8-8B4A-11D0-8D11-00A0C91BC942}") = "ex2", "ex2\ex2.vcxproj", "{37305937-391C-42BF-9BC4-9429ECBE43FB}"
EndProject
Global
	GlobalSection(SolutionConfigurationPlatforms) = preSolution
		Debug|x64 = Debug|x64
		Debug|x86 = Debug|x86
		Release|x64 = Release|x64
		Release|x86 = Release|x86
	EndGlobalSection
	GlobalSection(ProjectConfigurationPlatforms) = postSolution
		{37305937-391C-42BF-9BC4-9429ECBE43FB}.Debug|x64.ActiveCfg = Debug|x64
		{37305937-391C-42BF-9BC4-9429ECBE43FB}.Debug|x64.Build.0 = Debug|x64
		{37305937-391C-42BF-9BC4-9429ECBE43FB}.Debug|x86.ActiveCfg = Debug|Win32
		{37305937-391C-42BF-9BC4-9429ECBE43FB}.Debug|x86.Build.0 = Debug|Win32
		{37305937-391C-42BF-9BC4-9429ECBE43FB}.Release|x64.ActiveCfg = Release|x64
		{37305937-391C-42BF-9BC4-9429ECBE43FB}.Release|x64.Build.0 = Release|x64
		{37305937-391C-42BF-9BC4-9429ECBE43FB}.Release|x86.ActiveCfg = Release|Win32
		{37305937-391C-42BF-9BC4-9429ECBE43FB}.Release|x86.Build.0 = Release|Win32
	EndGlobalSection
	GlobalSection(SolutionProperties) = preSolution
		HideSolutionNode = FALSE
	EndGlobalSection
	GlobalSection(ExtensibilityGlobals) = postSolution
		SolutionGuid = {CACBD22C-B0DE-4AF2-B9FC-D8FFD7CBDAA6}
	EndGlobalSection
EndGlobal
